lockfileVersion: '9.0'

settings:
  autoInstallPeers: true
  excludeLinksFromLockfile: false

importers:

  .:
    devDependencies:
      exifreader:
        specifier: 4.41.0
        version: 4.41.0

packages:

  '@xmldom/xmldom@0.9.10':
    resolution: {integrity: sha512-A9gOqLdi6cV4ibazAjcQufGj0B1y/vDqYrcuP6d/6x8P27gRS8643Dj9o1dEKtB6O7fwxb2FgBmJS2mX7gpvdw==}
    engines: {node: '>=14.6'}

  exifreader@4.41.0:
    resolution: {integrity: sha512-P3nPeh6GWs5D5RZdRZ6q/LorHPmmeDgKsowduqRabtTFiqMD2bc5eTN+Dhq00O9BCuV2eksu3oOJh4ZaZvkK0A==}
    hasBin: true

snapshots:

  '@xmldom/xmldom@0.9.10':
    optional: true

  exifreader@4.41.0:
    optionalDependencies:
      '@xmldom/xmldom': 0.9.10
